
Microsoft Visual Studio Solution File, Format Version 12.00
# Visual Studio Version 17
VisualStudioVersion = 17.5.33516.290
MinimumVisualStudioVersion = 10.0.40219.1
Project("{FAE04EC0-301F-11D3-BF4B-00C04F79EFBC}") = "Giorno 3", "Giorno 3.csproj", "{7FD25AFA-EE29-41E5-BA80-8163295B570D}"
EndProject
Global
	GlobalSection(SolutionConfigurationPlatforms) = preSolution
		Debug|Any CPU = Debug|Any CPU
		Release|Any CPU = Release|Any CPU
	EndGlobalSection
	GlobalSection(ProjectConfigurationPlatforms) = postSolution
		{7FD25AFA-EE29-41E5-BA80-8163295B570D}.Debug|Any CPU.ActiveCfg = Debug|Any CPU
		{7FD25AFA-EE29-41E5-BA80-8163295B570D}.Debug|Any CPU.Build.0 = Debug|Any CPU
		{7FD25AFA-EE29-41E5-BA80-8163295B570D}.Release|Any CPU.ActiveCfg = Release|Any CPU
		{7FD25AFA-EE29-41E5-BA80-8163295B570D}.Release|Any CPU.Build.0 = Release|Any CPU
	EndGlobalSection
	GlobalSection(SolutionProperties) = preSolution
		HideSolutionNode = FALSE
	EndGlobalSection
	GlobalSection(ExtensibilityGlobals) = postSolution
		SolutionGuid = {54B6E4E7-362C-4D70-B2C7-E46626BE550C}
	EndGlobalSection
EndGlobal
